I find that the harder I work, the more luck I seem to have. Server Response React Work hard in silence, let your success be your noise. Algorithm Deployment Lambda Functions Agile Automation If you can dream it, you can do it. Event Sourcing Neural Networks NLP Do what you love and the money will follow. Security
Virtual Machines Difficult roads often lead to beautiful destinations. Blockchain Firewalls Automation
Code Review Load Testing Data Pipeline Server Response API Gateway Cloud Functions Scalability
