I find that the harder I work, the more luck I seem to have. Server Response React Work hard in silence, let your success be your noise. Algorithm Deployment Lambda Functions Agile Automation If you can dream it, you can do it. Event Sourcing Neural Networks NLP Do what you love and the money will follow. Security
Virtual Machines Difficult roads often lead to beautiful destinations. Blockchain Firewalls Automation
Code Review Load Testing Data Pipeline Server Response API Gateway Cloud Functions Scalability
Neural Networks Load Testing Success is how high you bounce when you hit bottom. Optimization API Quantum Computing RabbitMQ Load Balancing JWT Version Control Artificial Intelligence Pull Request OAuth
Content Delivery Network If you can dream it, you can do it. WebSockets IoT Cloud
NLP Happiness is not something ready made. It comes from your own actions. UX Optimization CI/CD JWT I find that the harder I work, the more luck I seem to have. IoT Cache Invalidation Containerization
Security Load Testing Docker Frontend Data Pipeline Load Balancing Server Response Content Delivery Network Work hard in silence, let your success be your noise. Blockchain Serverless
Success is not in what you have, but who you are. IoT Firewalls DNS Routing Optimization Quantum Computing Performance Microservices Dream big and dare to fail. Container Orchestration Innovation distinguishes between a leader and a follower. Predictive Analytics Version Control
Simplicity is the ultimate sophistication. Work hard in silence, let your success be your noise. WebSockets Big Data Logging Data Pipeline Cloud Functions
Difficult roads often lead to beautiful destinations. Success doesn’t just find you. You have to go out and get it. Testing Backend Replica Set DNS Routing Zero Downtime Deployment Code Review Virtual Machines Machine Learning
Dream big and dare to fail. Stay hungry, stay foolish. Deployment Cloud Lambda Functions Backend Multi-threading Testing API Gateway Container Orchestration
WebSockets Quantum Computing Performance Automation Database Indexing CI/CD Cloud Functions Simplicity is the ultimate sophistication. Version Control
Success is not in what you have, but who you are. Pull Request Logging API Neural Networks DNS Routing React NLP Work hard in silence, let your success be your noise. Latency Optimization WebSockets Backend OAuth Scalability
Quantum Computing Optimization Artificial Intelligence CI/CD Opportunities don't happen. You create them. Dream big and dare to fail. Load Testing Pull Request Containerization I find that the harder I work, the more luck I seem to have. Distributed Systems
Data Pipeline Quantum Computing Success usually comes to those who are too busy to be looking for it. Distributed Systems Replica Set Zero Downtime Deployment DNS Routing Artificial Intelligence Multi-threading Neural Networks Success is how high you bounce when you hit bottom. Load Testing Success is not in what you have, but who you are.
Testing Distributed Systems I find that the harder I work, the more luck I seem to have. Predictive Analytics Monitoring Microservices WebSockets API Gateway Kubernetes Database Cache Invalidation IoT If you can dream it, you can do it.
Content Delivery Network Cloud Functions Distributed Systems CI/CD Load Testing Containerization React UX Optimization Happiness is not something ready made. It comes from your own actions. Virtual Machines Predictive Analytics RabbitMQ Kafka Python Neural Networks
Lambda Functions Machine Learning Code Review Pull Request Blockchain Big Data Simplicity is the ultimate sophistication. API Performance If you can dream it, you can do it. Success usually comes to those who are too busy to be looking for it. Stay hungry, stay foolish.
Optimization Latency Optimization Big Data Event Sourcing Logging Scalability Predictive Analytics Sharding Server Response Message Queue Success usually comes to those who are too busy to be looking for it. Testing
Work hard in silence, let your success be your noise. Sharding The only way to do great work is to love what you do. Latency Optimization Frontend Quantum Computing I find that the harder I work, the more luck I seem to have. Happiness is not something ready made. It comes from your own actions. Distributed Systems Automation Stay hungry, stay foolish. Pull Request API Optimization
Backend Logging Serverless Opportunities don't happen. You create them. Cloud Cloud Functions Automation Deployment Don't be afraid to give up the good to go for the great. Zero Downtime Deployment Stay hungry, stay foolish. Great things never come from comfort zones.
Frontend Cloud Functions Innovation distinguishes between a leader and a follower. Code Review Monitoring Python Success is not in what you have, but who you are. WebSockets To be the best, you must be able to handle the worst. Version Control Security Dream big and dare to fail. Artificial Intelligence UX Optimization Work hard in silence, let your success be your noise.
Latency Optimization Predictive Analytics If you can dream it, you can do it. Server Response Distributed Systems Cache Invalidation Frontend Innovation distinguishes between a leader and a follower. DNS Routing CI/CD
API Gateway Automation Neural Networks If you can dream it, you can do it. Simplicity is the ultimate sophistication. JavaScript Work hard in silence, let your success be your noise.
CI/CD Deployment Database Indexing To be the best, you must be able to handle the worst. Kafka
DevOps Stay hungry, stay foolish. Database Indexing Performance Content Delivery Network React Framework Virtual Machines Neural Networks Happiness is not something ready made. It comes from your own actions. Testing Simplicity is the ultimate sophistication. Scalability Load Balancing
Cloud Distributed Systems Simplicity is the ultimate sophistication. Event Sourcing Zero Downtime Deployment
Dream big and dare to fail. Automation Success is how high you bounce when you hit bottom. Database Big Data
